
Microsoft Visual Studio Solution File, Format Version 12.00
# Visual Studio Version 16
VisualStudioVersion = 16.0.28822.285
MinimumVisualStudioVersion = 10.0.40219.1
Project("{2150E333-8FDC-42A3-9474-1A3956D46DE8}") = "Solution Items", "Solution Items", "{77EECA8C-B58E-469E-B8C5-D543AFC9A654}"
	ProjectSection(SolutionItems) = preProject
		.editorconfig = .editorconfig
		.gitignore = .gitignore
		README.md = README.md
	EndProjectSection
EndProject
Project("{9A19103F-16F7-4668-BE54-9A1E7A4F7556}") = "Oqtane.Updater", "Oqtane.Updater\Oqtane.Updater.csproj", "{2E8C6889-37CF-4C8D-88B1-505547F25098}"
EndProject
Global
	GlobalSection(SolutionConfigurationPlatforms) = preSolution
		Debug|Any CPU = Debug|Any CPU
		Release|Any CPU = Release|Any CPU
	EndGlobalSection
	GlobalSection(ProjectConfigurationPlatforms) = postSolution
		{2E8C6889-37CF-4C8D-88B1-505547F25098}.Debug|Any CPU.ActiveCfg = Debug|Any CPU
		{2E8C6889-37CF-4C8D-88B1-505547F25098}.Debug|Any CPU.Build.0 = Debug|Any CPU
		{2E8C6889-37CF-4C8D-88B1-505547F25098}.Release|Any CPU.ActiveCfg = Release|Any CPU
		{2E8C6889-37CF-4C8D-88B1-505547F25098}.Release|Any CPU.Build.0 = Release|Any CPU
	EndGlobalSection
	GlobalSection(SolutionProperties) = preSolution
		HideSolutionNode = FALSE
	EndGlobalSection
	GlobalSection(ExtensibilityGlobals) = postSolution
		SolutionGuid = {1FB11796-35DE-4AED-9A52-17733557FCC4}
	EndGlobalSection
EndGlobal
