Microsoft Visual Studio Solution File, Format Version 12.00
# Visual Studio Version 17
VisualStudioVersion = 17.12.35506.116 d17.12
MinimumVisualStudioVersion = 10.0.40219.1
Project("{9A19103F-16F7-4668-BE54-9A1E7A4F7556}") = "Oqtane.Application.Server", "Server\Oqtane.Application.Server.csproj", "{04B05448-788F-433D-92C0-FED35122D45A}"
EndProject
Project("{9A19103F-16F7-4668-BE54-9A1E7A4F7556}") = "Oqtane.Application.Client", "Client\Oqtane.Application.Client.csproj", "{AA8E58A1-CD09-4208-BF66-A8BB341FD669}"
EndProject
Project("{9A19103F-16F7-4668-BE54-9A1E7A4F7556}") = "Oqtane.Application.Shared", "Shared\Oqtane.Application.Shared.csproj", "{18D73F73-D7BE-4388-85BA-FBD9AC96FCA2}"
EndProject
Global
	GlobalSection(SolutionConfigurationPlatforms) = preSolution
		Debug|Any CPU = Debug|Any CPU
		Release|Any CPU = Release|Any CPU
	EndGlobalSection
	GlobalSection(ProjectConfigurationPlatforms) = postSolution
		{04B05448-788F-433D-92C0-FED35122D45A}.Debug|Any CPU.ActiveCfg = Debug|Any CPU
		{04B05448-788F-433D-92C0-FED35122D45A}.Debug|Any CPU.Build.0 = Debug|Any CPU
		{04B05448-788F-433D-92C0-FED35122D45A}.Release|Any CPU.ActiveCfg = Release|Any CPU
		{04B05448-788F-433D-92C0-FED35122D45A}.Release|Any CPU.Build.0 = Release|Any CPU
		{AA8E58A1-CD09-4208-BF66-A8BB341FD669}.Debug|Any CPU.ActiveCfg = Debug|Any CPU
		{AA8E58A1-CD09-4208-BF66-A8BB341FD669}.Debug|Any CPU.Build.0 = Debug|Any CPU
		{AA8E58A1-CD09-4208-BF66-A8BB341FD669}.Release|Any CPU.ActiveCfg = Release|Any CPU
		{AA8E58A1-CD09-4208-BF66-A8BB341FD669}.Release|Any CPU.Build.0 = Release|Any CPU
		{18D73F73-D7BE-4388-85BA-FBD9AC96FCA2}.Debug|Any CPU.ActiveCfg = Debug|Any CPU
		{18D73F73-D7BE-4388-85BA-FBD9AC96FCA2}.Debug|Any CPU.Build.0 = Debug|Any CPU
		{18D73F73-D7BE-4388-85BA-FBD9AC96FCA2}.Release|Any CPU.ActiveCfg = Release|Any CPU
		{18D73F73-D7BE-4388-85BA-FBD9AC96FCA2}.Release|Any CPU.Build.0 = Release|Any CPU
	EndGlobalSection
	GlobalSection(SolutionProperties) = preSolution
		HideSolutionNode = FALSE
	EndGlobalSection
EndGlobal
